// !$*UTF8*$!
{
	archiveVersion = 1;
	classes = {
	};
	objectVersion = 56;
	objects = {

/* Begin PBXBuildFile section */
		A42DC1E62A26A1BF0012CCD6 /* TheMenuApp.swift in Sources */ = {isa = PBXBuildFile; fileRef = A42DC1E52A26A1BF0012CCD6 /* TheMenuApp.swift */; };
		A42DC1E82A26A1BF0012CCD6 /* ContentView.swift in Sources */ = {isa = PBXBuildFile; fileRef = A42DC1E72A26A1BF0012CCD6 /* ContentView.swift */; };
		A42DC1EA2A26A1C00012CCD6 /* Assets.xcassets in Resources */ = {isa = PBXBuildFile; fileRef = A42DC1E92A26A1C00012CCD6 /* Assets.xcassets */; };
		A42DC1ED2A26A1C00012CCD6 /* Preview Assets.xcassets in Resources */ = {isa = PBXBuildFile; fileRef = A42DC1EC2A26A1C00012CCD6 /* Preview Assets.xcassets */; };
		A42DC1F72A26A1C00012CCD6 /* TheMenuTests.swift in Sources */ = {isa = PBXBuildFile; fileRef = A42DC1F62A26A1C00012CCD6 /* TheMenuTests.swift */; };
		A42DC2012A26A1C00012CCD6 /* TheMenuUITests.swift in Sources */ = {isa = PBXBuildFile; fileRef = A42DC2002A26A1C00012CCD6 /* TheMenuUITests.swift */; };
		A42DC2032A26A1C00012CCD6 /* TheMenuUITestsLaunchTests.swift in Sources */ = {isa = PBXBuildFile; fileRef = A42DC2022A26A1C00012CCD6 /* TheMenuUITestsLaunchTests.swift */; };
/* End PBXBuildFile section */

/* Begin PBXContainerItemProxy section */
		A42DC1F32A26A1C00012CCD6 /* PBXContainerItemProxy */ = {
			isa = PBXContainerItemProxy;
			containerPortal = A42DC1DA2A26A1BF0012CCD6 /* Project object */;
			proxyType = 1;
			remoteGlobalIDString = A42DC1E12A26A1BF0012CCD6;
			remoteInfo = TheMenu;
		};
		A42DC1FD2A26A1C00012CCD6 /* PBXContainerItemProxy */ = {
			isa = PBXContainerItemProxy;
			containerPortal = A42DC1DA2A26A1BF0012CCD6 /* Project object */;
			proxyType = 1;
			remoteGlobalIDString = A42DC1E12A26A1BF0012CCD6;
			remoteInfo = TheMenu;
		};
/* End PBXContainerItemProxy section */

/* Begin PBXFileReference section */
		A42DC1E22A26A1BF0012CCD6 /* TheMenu.app */ = {isa = PBXFileReference; explicitFileType = wrapper.application; includeInIndex = 0; path = TheMenu.app; sourceTree = BUILT_PRODUCTS_DIR; };
		A42DC1E52A26A1BF0012CCD6 /* TheMenuApp.swift */ = {isa = PBXFileReference; lastKnownFileType = sourcecode.swift; path = TheMenuApp.swift; sourceTree = "<group>"; };
		A42DC1E72A26A1BF0012CCD6 /* ContentView.swift */ = {isa = PBXFileReference; lastKnownFileType = sourcecode.swift; path = ContentView.swift; sourceTree = "<group>"; };
		A42DC1E92A26A1C00012CCD6 /* Assets.xcassets */ = {isa = PBXFileReference; lastKnownFileType = folder.assetcatalog; path = Assets.xcassets; sourceTree = "<group>"; };
		A42DC1EC2A26A1C00012CCD6 /* Preview Assets.xcassets */ = {isa = PBXFileReference; lastKnownFileType = folder.assetcatalog; path = "Preview Assets.xcassets"; sourceTree = "<group>"; };
		A42DC1F22A26A1C00012CCD6 /* TheMenuTests.xctest */ = {isa = PBXFileReference; explicitFileType = wrapper.cfbundle; includeInIndex = 0; path = TheMenuTests.xctest; sourceTree = BUILT_PRODUCTS_DIR; };
		A42DC1F62A26A1C00012CCD6 /* TheMenuTests.swift */ = {isa = PBXFileReference; lastKnownFileType = sourcecode.swift; path = TheMenuTests.swift; sourceTree = "<group>"; };
		A42DC1FC2A26A1C00012CCD6 /* TheMenuUITests.xctest */ = {isa = PBXFileReference; explicitFileType = wrapper.cfbundle; includeInIndex = 0; path = TheMenuUITests.xctest; sourceTree = BUILT_PRODUCTS_DIR; };
		A42DC2002A26A1C00012CCD6 /* TheMenuUITests.swift */ = {isa = PBXFileReference; lastKnownFileType = sourcecode.swift; path = TheMenuUITests.swift; sourceTree = "<group>"; };
		A42DC2022A26A1C00012CCD6 /* TheMenuUITestsLaunchTests.swift */ = {isa = PBXFileReference; lastKnownFileType = sourcecode.swift; path = TheMenuUITestsLaunchTests.swift; sourceTree = "<group>"; };
/* End PBXFileReference section */

/* Begin PBXFrameworksBuildPhase section */
		A42DC1DF2A26A1BF0012CCD6 /* Frameworks */ = {
			isa = PBXFrameworksBuildPhase;
			buildActionMask = 2147483647;
			files = (
			);
			runOnlyForDeploymentPostprocessing = 0;
		};
		A42DC1EF2A26A1C00012CCD6 /* Frameworks */ = {
			isa = PBXFrameworksBuildPhase;
			buildActionMask = 2147483647;
			files = (
			);
			runOnlyForDeploymentPostprocessing = 0;
		};
		A42DC1F92A26A1C00012CCD6 /* Frameworks */ = {
			isa = PBXFrameworksBuildPhase;
			buildActionMask = 2147483647;
			files = (
			);
			runOnlyForDeploymentPostprocessing = 0;
		};
/* End PBXFrameworksBuildPhase section */

/* Begin PBXGroup section */
		A42DC1D92A26A1BF0012CCD6 = {
			isa = PBXGroup;
			children = (
				A42DC1E42A26A1BF0012CCD6 /* TheMenu */,
				A42DC1F52A26A1C00012CCD6 /* TheMenuTests */,
				A42DC1FF2A26A1C00012CCD6 /* TheMenuUITests */,
				A42DC1E32A26A1BF0012CCD6 /* Products */,
			);
			sourceTree = "<group>";
		};
		A42DC1E32A26A1BF0012CCD6 /* Products */ = {
			isa = PBXGroup;
			children = (
				A42DC1E22A26A1BF0012CCD6 /* TheMenu.app */,
				A42DC1F22A26A1C00012CCD6 /* TheMenuTests.xctest */,
				A42DC1FC2A26A1C00012CCD6 /* TheMenuUITests.xctest */,
			);
			name = Products;
			sourceTree = "<group>";
		};
		A42DC1E42A26A1BF0012CCD6 /* TheMenu */ = {
			isa = PBXGroup;
			children = (
				A42DC1E52A26A1BF0012CCD6 /* TheMenuApp.swift */,
				A42DC1E72A26A1BF0012CCD6 /* ContentView.swift */,
				A42DC1E92A26A1C00012CCD6 /* Assets.xcassets */,
				A42DC1EB2A26A1C00012CCD6 /* Preview Content */,
			);
			path = TheMenu;
			sourceTree = "<group>";
		};
		A42DC1EB2A26A1C00012CCD6 /* Preview Content */ = {
			isa = PBXGroup;
			children = (
				A42DC1EC2A26A1C00012CCD6 /* Preview Assets.xcassets */,
			);
			path = "Preview Content";
			sourceTree = "<group>";
		};
		A42DC1F52A26A1C00012CCD6 /* TheMenuTests */ = {
			isa = PBXGroup;
			children = (
				A42DC1F62A26A1C00012CCD6 /* TheMenuTests.swift */,
			);
			path = TheMenuTests;
			sourceTree = "<group>";
		};
		A42DC1FF2A26A1C00012CCD6 /* TheMenuUITests */ = {
			isa = PBXGroup;
			children = (
				A42DC2002A26A1C00012CCD6 /* TheMenuUITests.swift */,
				A42DC2022A26A1C00012CCD6 /* TheMenuUITestsLaunchTests.swift */,
			);
			path = TheMenuUITests;
			sourceTree = "<group>";
		};
/* End PBXGroup section */

/* Begin PBXNativeTarget section */
		A42DC1E12A26A1BF0012CCD6 /* TheMenu */ = {
			isa = PBXNativeTarget;
			buildConfigurationList = A42DC2062A26A1C00012CCD6 /* Build configuration list for PBXNativeTarget "TheMenu" */;
			buildPhases = (
				A42DC1DE2A26A1BF0012CCD6 /* Sources */,
				A42DC1DF2A26A1BF0012CCD6 /* Frameworks */,
				A42DC1E02A26A1BF0012CCD6 /* Resources */,
			);
			buildRules = (
			);
			dependencies = (
			);
			name = TheMenu;
			productName = TheMenu;
			productReference = A42DC1E22A26A1BF0012CCD6 /* TheMenu.app */;
			productType = "com.apple.product-type.application";
		};
		A42DC1F12A26A1C00012CCD6 /* TheMenuTests */ = {
			isa = PBXNativeTarget;
			buildConfigurationList = A42DC2092A26A1C00012CCD6 /* Build configuration list for PBXNativeTarget "TheMenuTests" */;
			buildPhases = (
				A42DC1EE2A26A1C00012CCD6 /* Sources */,
				A42DC1EF2A26A1C00012CCD6 /* Frameworks */,
				A42DC1F02A26A1C00012CCD6 /* Resources */,
			);
			buildRules = (
			);
			dependencies = (
				A42DC1F42A26A1C00012CCD6 /* PBXTargetDependency */,
			);
			name = TheMenuTests;
			productName = TheMenuTests;
			productReference = A42DC1F22A26A1C00012CCD6 /* TheMenuTests.xctest */;
			productType = "com.apple.product-type.bundle.unit-test";
		};
		A42DC1FB2A26A1C00012CCD6 /* TheMenuUITests */ = {
			isa = PBXNativeTarget;
			buildConfigurationList = A42DC20C2A26A1C00012CCD6 /* Build configuration list for PBXNativeTarget "TheMenuUITests" */;
			buildPhases = (
				A42DC1F82A26A1C00012CCD6 /* Sources */,
				A42DC1F92A26A1C00012CCD6 /* Frameworks */,
				A42DC1FA2A26A1C00012CCD6 /* Resources */,
			);
			buildRules = (
			);
			dependencies = (
				A42DC1FE2A26A1C00012CCD6 /* PBXTargetDependency */,
			);
			name = TheMenuUITests;
			productName = TheMenuUITests;
			productReference = A42DC1FC2A26A1C00012CCD6 /* TheMenuUITests.xctest */;
			productType = "com.apple.product-type.bundle.ui-testing";
		};
/* End PBXNativeTarget section */

/* Begin PBXProject section */
		A42DC1DA2A26A1BF0012CCD6 /* Project object */ = {
			isa = PBXProject;
			attributes = {
				BuildIndependentTargetsInParallel = 1;
				LastSwiftUpdateCheck = 1430;
				LastUpgradeCheck = 1430;
				TargetAttributes = {
					A42DC1E12A26A1BF0012CCD6 = {
						CreatedOnToolsVersion = 14.3;
					};
					A42DC1F12A26A1C00012CCD6 = {
						CreatedOnToolsVersion = 14.3;
						TestTargetID = A42DC1E12A26A1BF0012CCD6;
					};
					A42DC1FB2A26A1C00012CCD6 = {
						CreatedOnToolsVersion = 14.3;
						TestTargetID = A42DC1E12A26A1BF0012CCD6;
					};
				};
			};
			buildConfigurationList = A42DC1DD2A26A1BF0012CCD6 /* Build configuration list for PBXProject "TheMenu" */;
			compatibilityVersion = "Xcode 14.0";
			developmentRegion = en;
			hasScannedForEncodings = 0;
			knownRegions = (
				en,
				Base,
			);
			mainGroup = A42DC1D92A26A1BF0012CCD6;
			productRefGroup = A42DC1E32A26A1BF0012CCD6 /* Products */;
			projectDirPath = "";
			projectRoot = "";
			targets = (
				A42DC1E12A26A1BF0012CCD6 /* TheMenu */,
				A42DC1F12A26A1C00012CCD6 /* TheMenuTests */,
				A42DC1FB2A26A1C00012CCD6 /* TheMenuUITests */,
			);
		};
/* End PBXProject section */

/* Begin PBXResourcesBuildPhase section */
		A42DC1E02A26A1BF0012CCD6 /* Resources */ = {
			isa = PBXResourcesBuildPhase;
			buildActionMask = 2147483647;
			files = (
				A42DC1ED2A26A1C00012CCD6 /* Preview Assets.xcassets in Resources */,
				A42DC1EA2A26A1C00012CCD6 /* Assets.xcassets in Resources */,
			);
			runOnlyForDeploymentPostprocessing = 0;
		};
		A42DC1F02A26A1C00012CCD6 /* Resources */ = {
			isa = PBXResourcesBuildPhase;
			buildActionMask = 2147483647;
			files = (
			);
			runOnlyForDeploymentPostprocessing = 0;
		};
		A42DC1FA2A26A1C00012CCD6 /* Resources */ = {
			isa = PBXResourcesBuildPhase;
			buildActionMask = 2147483647;
			files = (
			);
			runOnlyForDeploymentPostprocessing = 0;
		};
/* End PBXResourcesBuildPhase section */

/* Begin PBXSourcesBuildPhase section */
		A42DC1DE2A26A1BF0012CCD6 /* Sources */ = {
			isa = PBXSourcesBuildPhase;
			buildActionMask = 2147483647;
			files = (
				A42DC1E82A26A1BF0012CCD6 /* ContentView.swift in Sources */,
				A42DC1E62A26A1BF0012CCD6 /* TheMenuApp.swift in Sources */,
			);
			runOnlyForDeploymentPostprocessing = 0;
		};
		A42DC1EE2A26A1C00012CCD6 /* Sources */ = {
			isa = PBXSourcesBuildPhase;
			buildActionMask = 2147483647;
			files = (
				A42DC1F72A26A1C00012CCD6 /* TheMenuTests.swift in Sources */,
			);
			runOnlyForDeploymentPostprocessing = 0;
		};
		A42DC1F82A26A1C00012CCD6 /* Sources */ = {
			isa = PBXSourcesBuildPhase;
			buildActionMask = 2147483647;
			files = (
				A42DC2012A26A1C00012CCD6 /* TheMenuUITests.swift in Sources */,
				A42DC2032A26A1C00012CCD6 /* TheMenuUITestsLaunchTests.swift in Sources */,
			);
			runOnlyForDeploymentPostprocessing = 0;
		};
/* End PBXSourcesBuildPhase section */

/* Begin PBXTargetDependency section */
		A42DC1F42A26A1C00012CCD6 /* PBXTargetDependency */ = {
			isa = PBXTargetDependency;
			target = A42DC1E12A26A1BF0012CCD6 /* TheMenu */;
			targetProxy = A42DC1F32A26A1C00012CCD6 /* PBXContainerItemProxy */;
		};
		A42DC1FE2A26A1C00012CCD6 /* PBXTargetDependency */ = {
			isa = PBXTargetDependency;
			target = A42DC1E12A26A1BF0012CCD6 /* TheMenu */;
			targetProxy = A42DC1FD2A26A1C00012CCD6 /* PBXContainerItemProxy */;
		};
/* End PBXTargetDependency section */

/* Begin XCBuildConfiguration section */
		A42DC2042A26A1C00012CCD6 /* Debug */ = {
			isa = XCBuildConfiguration;
			buildSettings = {
				ALWAYS_SEARCH_USER_PATHS = NO;
				CLANG_ANALYZER_NONNULL = YES;
				CLANG_ANALYZER_NUMBER_OBJECT_CONVERSION = YES_AGGRESSIVE;
				CLANG_CXX_LANGUAGE_STANDARD = "gnu++20";
				CLANG_ENABLE_MODULES = YES;
				CLANG_ENABLE_OBJC_ARC = YES;
				CLANG_ENABLE_OBJC_WEAK = YES;
				CLANG_WARN_BLOCK_CAPTURE_AUTORELEASING = YES;
				CLANG_WARN_BOOL_CONVERSION = YES;
				CLANG_WARN_COMMA = YES;
				CLANG_WARN_CONSTANT_CONVERSION = YES;
				CLANG_WARN_DEPRECATED_OBJC_IMPLEMENTATIONS = YES;
				CLANG_WARN_DIRECT_OBJC_ISA_USAGE = YES_ERROR;
				CLANG_WARN_DOCUMENTATION_COMMENTS = YES;
				CLANG_WARN_EMPTY_BODY = YES;
				CLANG_WARN_ENUM_CONVERSION = YES;
				CLANG_WARN_INFINITE_RECURSION = YES;
				CLANG_WARN_INT_CONVERSION = YES;
				CLANG_WARN_NON_LITERAL_NULL_CONVERSION = YES;
				CLANG_WARN_OBJC_IMPLICIT_RETAIN_SELF = YES;
				CLANG_WARN_OBJC_LITERAL_CONVERSION = YES;
				CLANG_WARN_OBJC_ROOT_CLASS = YES_ERROR;
				CLANG_WARN_QUOTED_INCLUDE_IN_FRAMEWORK_HEADER = YES;
				CLANG_WARN_RANGE_LOOP_ANALYSIS = YES;
				CLANG_WARN_STRICT_PROTOTYPES = YES;
				CLANG_WARN_SUSPICIOUS_MOVE = YES;
				CLANG_WARN_UNGUARDED_AVAILABILITY = YES_AGGRESSIVE;
				CLANG_WARN_UNREACHABLE_CODE = YES;
				CLANG_WARN__DUPLICATE_METHOD_MATCH = YES;
				COPY_PHASE_STRIP = NO;
				DEBUG_INFORMATION_FORMAT = dwarf;
				ENABLE_STRICT_OBJC_MSGSEND = YES;
				ENABLE_TESTABILITY = YES;
				GCC_C_LANGUAGE_STANDARD = gnu11;
				GCC_DYNAMIC_NO_PIC = NO;
				GCC_NO_COMMON_BLOCKS = YES;
				GCC_OPTIMIZATION_LEVEL = 0;
				GCC_PREPROCESSOR_DEFINITIONS = (
					"DEBUG=1",
					"$(inherited)",
				);
				GCC_WARN_64_TO_32_BIT_CONVERSION = YES;
				GCC_WARN_ABOUT_RETURN_TYPE = YES_ERROR;
				GCC_WARN_UNDECLARED_SELECTOR = YES;
				GCC_WARN_UNINITIALIZED_AUTOS = YES_AGGRESSIVE;
				GCC_WARN_UNUSED_FUNCTION = YES;
				GCC_WARN_UNUSED_VARIABLE = YES;
				IPHONEOS_DEPLOYMENT_TARGET = 16.4;
				MTL_ENABLE_DEBUG_INFO = INCLUDE_SOURCE;
				MTL_FAST_MATH = YES;
				ONLY_ACTIVE_ARCH = YES;
				SDKROOT = iphoneos;
				SWIFT_ACTIVE_COMPILATION_CONDITIONS = DEBUG;
				SWIFT_OPTIMIZATION_LEVEL = "-Onone";
			};
			name = Debug;
		};
		A42DC2052A26A1C00012CCD6 /* Release */ = {
			isa = XCBuildConfiguration;
			buildSettings = {
				ALWAYS_SEARCH_USER_PATHS = NO;
				CLANG_ANALYZER_NONNULL = YES;
				CLANG_ANALYZER_NUMBER_OBJECT_CONVERSION = YES_AGGRESSIVE;
				CLANG_CXX_LANGUAGE_STANDARD = "gnu++20";
				CLANG_ENABLE_MODULES = YES;
				CLANG_ENABLE_OBJC_ARC = YES;
				CLANG_ENABLE_OBJC_WEAK = YES;
				CLANG_WARN_BLOCK_CAPTURE_AUTORELEASING = YES;
				CLANG_WARN_BOOL_CONVERSION = YES;
				CLANG_WARN_COMMA = YES;
				CLANG_WARN_CONSTANT_CONVERSION = YES;
				CLANG_WARN_DEPRECATED_OBJC_IMPLEMENTATIONS = YES;
				CLANG_WARN_DIRECT_OBJC_ISA_USAGE = YES_ERROR;
				CLANG_WARN_DOCUMENTATION_COMMENTS = YES;
				CLANG_WARN_EMPTY_BODY = YES;
				CLANG_WARN_ENUM_CONVERSION = YES;
				CLANG_WARN_INFINITE_RECURSION = YES;
				CLANG_WARN_INT_CONVERSION = YES;
				CLANG_WARN_NON_LITERAL_NULL_CONVERSION = YES;
				CLANG_WARN_OBJC_IMPLICIT_RETAIN_SELF = YES;
				CLANG_WARN_OBJC_LITERAL_CONVERSION = YES;
				CLANG_WARN_OBJC_ROOT_CLASS = YES_ERROR;
				CLANG_WARN_QUOTED_INCLUDE_IN_FRAMEWORK_HEADER = YES;
				CLANG_WARN_RANGE_LOOP_ANALYSIS = YES;
				CLANG_WARN_STRICT_PROTOTYPES = YES;
				CLANG_WARN_SUSPICIOUS_MOVE = YES;
				CLANG_WARN_UNGUARDED_AVAILABILITY = YES_AGGRESSIVE;
				CLANG_WARN_UNREACHABLE_CODE = YES;
				CLANG_WARN__DUPLICATE_METHOD_MATCH = YES;
				COPY_PHASE_STRIP = NO;
				DEBUG_INFORMATION_FORMAT = "dwarf-with-dsym";
				ENABLE_NS_ASSERTIONS = NO;
				ENABLE_STRICT_OBJC_MSGSEND = YES;
				GCC_C_LANGUAGE_STANDARD = gnu11;
				GCC_NO_COMMON_BLOCKS = YES;
				GCC_WARN_64_TO_32_BIT_CONVERSION = YES;
				GCC_WARN_ABOUT_RETURN_TYPE = YES_ERROR;
				GCC_WARN_UNDECLARED_SELECTOR = YES;
				GCC_WARN_UNINITIALIZED_AUTOS = YES_AGGRESSIVE;
				GCC_WARN_UNUSED_FUNCTION = YES;
				GCC_WARN_UNUSED_VARIABLE = YES;
				IPHONEOS_DEPLOYMENT_TARGET = 16.4;
				MTL_ENABLE_DEBUG_INFO = NO;
				MTL_FAST_MATH = YES;
				SDKROOT = iphoneos;
				SWIFT_COMPILATION_MODE = wholemodule;
				SWIFT_OPTIMIZATION_LEVEL = "-O";
				VALIDATE_PRODUCT = YES;
			};
			name = Release;
		};
		A42DC2072A26A1C00012CCD6 /* Debug */ = {
			isa = XCBuildConfiguration;
			buildSettings = {
				ASSETCATALOG_COMPILER_APPICON_NAME = AppIcon;
				ASSETCATALOG_COMPILER_GLOBAL_ACCENT_COLOR_NAME = AccentColor;
				CODE_SIGN_STYLE = Automatic;
				CURRENT_PROJECT_VERSION = 1;
				DEVELOPMENT_ASSET_PATHS = "\"TheMenu/Preview Content\"";
				ENABLE_PREVIEWS = YES;
				GENERATE_INFOPLIST_FILE = YES;
				INFOPLIST_KEY_UIApplicationSceneManifest_Generation = YES;
				INFOPLIST_KEY_UIApplicationSupportsIndirectInputEvents = YES;
				INFOPLIST_KEY_UILaunchScreen_Generation = YES;
				INFOPLIST_KEY_UISupportedInterfaceOrientations_iPad = "UIInterfaceOrientationPortrait UIInterfaceOrientationPortraitUpsideDown UIInterfaceOrientationLandscapeLeft UIInterfaceOrientationLandscapeRight";
				INFOPLIST_KEY_UISupportedInterfaceOrientations_iPhone = "UIInterfaceOrientationPortrait UIInterfaceOrientationLandscapeLeft UIInterfaceOrientationLandscapeRight";
				LD_RUNPATH_SEARCH_PATHS = (
					"$(inherited)",
					"@executable_path/Frameworks",
				);
				MARKETING_VERSION = 1.0;
				PRODUCT_BUNDLE_IDENTIFIER = Fetch.TheMenu;
				PRODUCT_NAME = "$(TARGET_NAME)";
				SWIFT_EMIT_LOC_STRINGS = YES;
				SWIFT_VERSION = 5.0;
				TARGETED_DEVICE_FAMILY = "1,2";
			};
			name = Debug;
		};
		A42DC2082A26A1C00012CCD6 /* Release */ = {
			isa = XCBuildConfiguration;
			buildSettings = {
				ASSETCATALOG_COMPILER_APPICON_NAME = AppIcon;
				ASSETCATALOG_COMPILER_GLOBAL_ACCENT_COLOR_NAME = AccentColor;
				CODE_SIGN_STYLE = Automatic;
				CURRENT_PROJECT_VERSION = 1;
				DEVELOPMENT_ASSET_PATHS = "\"TheMenu/Preview Content\"";
				ENABLE_PREVIEWS = YES;
				GENERATE_INFOPLIST_FILE = YES;
				INFOPLIST_KEY_UIApplicationSceneManifest_Generation = YES;
				INFOPLIST_KEY_UIApplicationSupportsIndirectInputEvents = YES;
				INFOPLIST_KEY_UILaunchScreen_Generation = YES;
				INFOPLIST_KEY_UISupportedInterfaceOrientations_iPad = "UIInterfaceOrientationPortrait UIInterfaceOrientationPortraitUpsideDown UIInterfaceOrientationLandscapeLeft UIInterfaceOrientationLandscapeRight";
				INFOPLIST_KEY_UISupportedInterfaceOrientations_iPhone = "UIInterfaceOrientationPortrait UIInterfaceOrientationLandscapeLeft UIInterfaceOrientationLandscapeRight";
				LD_RUNPATH_SEARCH_PATHS = (
					"$(inherited)",
					"@executable_path/Frameworks",
				);
				MARKETING_VERSION = 1.0;
				PRODUCT_BUNDLE_IDENTIFIER = Fetch.TheMenu;
				PRODUCT_NAME = "$(TARGET_NAME)";
				SWIFT_EMIT_LOC_STRINGS = YES;
				SWIFT_VERSION = 5.0;
				TARGETED_DEVICE_FAMILY = "1,2";
			};
			name = Release;
		};
		A42DC20A2A26A1C00012CCD6 /* Debug */ = {
			isa = XCBuildConfiguration;
			buildSettings = {
				ALWAYS_EMBED_SWIFT_STANDARD_LIBRARIES = YES;
				BUNDLE_LOADER = "$(TEST_HOST)";
				CODE_SIGN_STYLE = Automatic;
				CURRENT_PROJECT_VERSION = 1;
				GENERATE_INFOPLIST_FILE = YES;
				IPHONEOS_DEPLOYMENT_TARGET = 16.4;
				MARKETING_VERSION = 1.0;
				PRODUCT_BUNDLE_IDENTIFIER = Fetch.TheMenuTests;
				PRODUCT_NAME = "$(TARGET_NAME)";
				SWIFT_EMIT_LOC_STRINGS = NO;
				SWIFT_VERSION = 5.0;
				TARGETED_DEVICE_FAMILY = "1,2";
				TEST_HOST = "$(BUILT_PRODUCTS_DIR)/TheMenu.app/$(BUNDLE_EXECUTABLE_FOLDER_PATH)/TheMenu";
			};
			name = Debug;
		};
		A42DC20B2A26A1C00012CCD6 /* Release */ = {
			isa = XCBuildConfiguration;
			buildSettings = {
				ALWAYS_EMBED_SWIFT_STANDARD_LIBRARIES = YES;
				BUNDLE_LOADER = "$(TEST_HOST)";
				CODE_SIGN_STYLE = Automatic;
				CURRENT_PROJECT_VERSION = 1;
				GENERATE_INFOPLIST_FILE = YES;
				IPHONEOS_DEPLOYMENT_TARGET = 16.4;
				MARKETING_VERSION = 1.0;
				PRODUCT_BUNDLE_IDENTIFIER = Fetch.TheMenuTests;
				PRODUCT_NAME = "$(TARGET_NAME)";
				SWIFT_EMIT_LOC_STRINGS = NO;
				SWIFT_VERSION = 5.0;
				TARGETED_DEVICE_FAMILY = "1,2";
				TEST_HOST = "$(BUILT_PRODUCTS_DIR)/TheMenu.app/$(BUNDLE_EXECUTABLE_FOLDER_PATH)/TheMenu";
			};
			name = Release;
		};
		A42DC20D2A26A1C00012CCD6 /* Debug */ = {
			isa = XCBuildConfiguration;
			buildSettings = {
				ALWAYS_EMBED_SWIFT_STANDARD_LIBRARIES = YES;
				CODE_SIGN_STYLE = Automatic;
				CURRENT_PROJECT_VERSION = 1;
				GENERATE_INFOPLIST_FILE = YES;
				MARKETING_VERSION = 1.0;
				PRODUCT_BUNDLE_IDENTIFIER = Fetch.TheMenuUITests;
				PRODUCT_NAME = "$(TARGET_NAME)";
				SWIFT_EMIT_LOC_STRINGS = NO;
				SWIFT_VERSION = 5.0;
				TARGETED_DEVICE_FAMILY = "1,2";
				TEST_TARGET_NAME = TheMenu;
			};
			name = Debug;
		};
		A42DC20E2A26A1C00012CCD6 /* Release */ = {
			isa = XCBuildConfiguration;
			buildSettings = {
				ALWAYS_EMBED_SWIFT_STANDARD_LIBRARIES = YES;
				CODE_SIGN_STYLE = Automatic;
				CURRENT_PROJECT_VERSION = 1;
				GENERATE_INFOPLIST_FILE = YES;
				MARKETING_VERSION = 1.0;
				PRODUCT_BUNDLE_IDENTIFIER = Fetch.TheMenuUITests;
				PRODUCT_NAME = "$(TARGET_NAME)";
				SWIFT_EMIT_LOC_STRINGS = NO;
				SWIFT_VERSION = 5.0;
				TARGETED_DEVICE_FAMILY = "1,2";
				TEST_TARGET_NAME = TheMenu;
			};
			name = Release;
		};
/* End XCBuildConfiguration section */

/* Begin XCConfigurationList section */
		A42DC1DD2A26A1BF0012CCD6 /* Build configuration list for PBXProject "TheMenu" */ = {
			isa = XCConfigurationList;
			buildConfigurations = (
				A42DC2042A26A1C00012CCD6 /* Debug */,
				A42DC2052A26A1C00012CCD6 /* Release */,
			);
			defaultConfigurationIsVisible = 0;
			defaultConfigurationName = Release;
		};
		A42DC2062A26A1C00012CCD6 /* Build configuration list for PBXNativeTarget "TheMenu" */ = {
			isa = XCConfigurationList;
			buildConfigurations = (
				A42DC2072A26A1C00012CCD6 /* Debug */,
				A42DC2082A26A1C00012CCD6 /* Release */,
			);
			defaultConfigurationIsVisible = 0;
			defaultConfigurationName = Release;
		};
		A42DC2092A26A1C00012CCD6 /* Build configuration list for PBXNativeTarget "TheMenuTests" */ = {
			isa = XCConfigurationList;
			buildConfigurations = (
				A42DC20A2A26A1C00012CCD6 /* Debug */,
				A42DC20B2A26A1C00012CCD6 /* Release */,
			);
			defaultConfigurationIsVisible = 0;
			defaultConfigurationName = Release;
		};
		A42DC20C2A26A1C00012CCD6 /* Build configuration list for PBXNativeTarget "TheMenuUITests" */ = {
			isa = XCConfigurationList;
			buildConfigurations = (
				A42DC20D2A26A1C00012CCD6 /* Debug */,
				A42DC20E2A26A1C00012CCD6 /* Release */,
			);
			defaultConfigurationIsVisible = 0;
			defaultConfigurationName = Release;
		};
/* End XCConfigurationList section */
	};
	rootObject = A42DC1DA2A26A1BF0012CCD6 /* Project object */;
}
